{
  "name": "hapi",
  "version": "2.0.0",
  "lockfileVersion": 1,
  "requires": true,
  "dependencies": {
    "@types/zen-observable": {
      "version": "0.5.3",
      "resolved": "https://registry.npmjs.org/@types/zen-observable/-/zen-observable-0.5.3.tgz",
      "integrity": "sha512-aDvGDAHcVfUqNmd8q4//cHAP+HGxsbChbBbuk3+kMVk5TTxfWLpQWvVN3+UPjohLnwMYN7jr6BWNn2cYNqdm7g=="
    },
    "accept": {
      "version": "3.0.2",
      "resolved": "https://registry.npmjs.org/accept/-/accept-3.0.2.tgz",
      "integrity": "sha512-bghLXFkCOsC1Y2TZ51etWfKDs6q249SAoHTZVfzWWdlZxoij+mgkj9AmUJWQpDY48TfnrTDIe43Xem4zdMe7mQ==",
      "requires": {
        "boom": "7.1.1",
        "hoek": "5.0.2"
      }
    },
    "ammo": {
      "version": "3.0.0",
      "resolved": "https://registry.npmjs.org/ammo/-/ammo-3.0.0.tgz",
      "integrity": "sha512-6yoz9MXYV9sgCHrwprHWPxBaJ9/roQRfXzS//4JCNgKfPYcghFNwJQKBt6vWOoSGGRHsP6qsLJ+xtKStKJWdLQ==",
      "requires": {
        "boom": "6.0.0",
        "hoek": "5.0.2"
      },
      "dependencies": {
        "boom": {
          "version": "6.0.0",
          "resolved": "https://registry.npmjs.org/boom/-/boom-6.0.0.tgz",
          "integrity": "sha512-LYLa8BmiiOWjvxTMVh73lcZzd2E5yczrKvxAny1UuzO2tkarLrw4tdp3rdfmus3+YfKcZP0vRSM3Obh+fGK6eA==",
          "requires": {
            "hoek": "5.0.2"
          }
        }
      }
    },
    "apollo-cache-control": {
      "version": "0.0.7",
      "resolved": "https://registry.npmjs.org/apollo-cache-control/-/apollo-cache-control-0.0.7.tgz",
      "integrity": "sha512-DoMTr3uTC5Cx9ukSO63wlzHD15C37FwZuoOZEu+m/UTzVFKQ4PnlBKzwZ0H2+iIwcdSulV0xte6Z3wBe9lHAOA==",
      "requires": {
        "graphql-extensions": "0.0.5"
      }
    },
    "apollo-link": {
      "version": "1.0.7",
      "resolved": "https://registry.npmjs.org/apollo-link/-/apollo-link-1.0.7.tgz",
      "integrity": "sha512-oHzvpIDEy4UCNdbOw42wtOK1zOzdMrt4ulYyon24zT24MjicezTmXqJh2mR6whTl8RiUDLDY4ByusdKKXdcqHw==",
      "requires": {
        "@types/zen-observable": "0.5.3",
        "apollo-utilities": "1.0.3",
        "zen-observable": "0.6.1"
      }
    },
    "apollo-server-core": {
      "version": "1.3.2",
      "resolved": "https://registry.npmjs.org/apollo-server-core/-/apollo-server-core-1.3.2.tgz",
      "integrity": "sha1-82hVo+vcLXe4ucRUOAvx1wYQX/w=",
      "requires": {
        "apollo-cache-control": "0.0.7",
        "apollo-tracing": "0.1.1",
        "graphql-extensions": "0.0.5"
      }
    },
    "apollo-server-hapi": {
      "version": "1.3.2",
      "resolved": "https://registry.npmjs.org/apollo-server-hapi/-/apollo-server-hapi-1.3.2.tgz",
      "integrity": "sha1-uK+QHlfRz91kZ0XFxVhxOKZg+Ps=",
      "requires": {
        "apollo-server-core": "1.3.2",
        "apollo-server-module-graphiql": "1.3.2",
        "boom": "7.1.1"
      }
    },
    "apollo-server-module-graphiql": {
      "version": "1.3.2",
      "resolved": "https://registry.npmjs.org/apollo-server-module-graphiql/-/apollo-server-module-graphiql-1.3.2.tgz",
      "integrity": "sha1-Cp5MSN7OOvkE/uMz+V97mBczXKc="
    },
    "apollo-tracing": {
      "version": "0.1.1",
      "resolved": "https://registry.npmjs.org/apollo-tracing/-/apollo-tracing-0.1.1.tgz",
      "integrity": "sha512-OrL0SYpmwNs6R339y7Is6PppOkyooMB1iLSN+HAp1FdBycQ88SqVV5Dqjxb4Du+TrMyyJLHfR5BAENZSFQyWGQ==",
      "requires": {
        "graphql-extensions": "0.0.5"
      }
    },
    "apollo-utilities": {
      "version": "1.0.3",
      "resolved": "https://registry.npmjs.org/apollo-utilities/-/apollo-utilities-1.0.3.tgz",
      "integrity": "sha512-wNKf0GAXfvnmZFYVl1YIzZ6LDSUe+zo4SKd2kbzi7YquNZUuSwJnG1FfEphvfwRRTI2dnpcGZEq26I7uUBrWNw=="
    },
    "b64": {
      "version": "4.0.0",
      "resolved": "https://registry.npmjs.org/b64/-/b64-4.0.0.tgz",
      "integrity": "sha512-EhmUQodKB0sdzPPrbIWbGqA5cQeTWxYrAgNeeT1rLZWtD3tbNTnphz8J4vkXI3cPgBNlXBjzEbzDzq0Nwi4f9A=="
    },
    "big-time": {
      "version": "2.0.0",
      "resolved": "https://registry.npmjs.org/big-time/-/big-time-2.0.0.tgz",
      "integrity": "sha512-OXsmBxlRLwUc65MLta2EOyMTLcjZQkxHkJ81lVPeyVqZag8zhUfKRYIbF3E/IW/LWR8kf8a1GlRYkBXKVGqJOw=="
    },
    "boom": {
      "version": "7.1.1",
      "resolved": "https://registry.npmjs.org/boom/-/boom-7.1.1.tgz",
      "integrity": "sha512-qwEARHTliqgEQiVkzKkkbLt3q0vRPIW60VRZ8zRnbjsm7INkPe9NxfAYDDYLZOdhxyUHa1gIe639Cx7t6RH/4A==",
      "requires": {
        "hoek": "5.0.2"
      }
    },
    "bounce": {
      "version": "1.2.0",
      "resolved": "https://registry.npmjs.org/bounce/-/bounce-1.2.0.tgz",
      "integrity": "sha512-8syCGe8B2/WC53118/F/tFy5aW00j+eaGPXmAUP7iBhxc+EBZZxS1vKelWyBCH6IqojgS2t1gF0glH30qAJKEw==",
      "requires": {
        "boom": "7.1.1",
        "hoek": "5.0.2"
      }
    },
    "call": {
      "version": "5.0.1",
      "resolved": "https://registry.npmjs.org/call/-/call-5.0.1.tgz",
      "integrity": "sha512-ollfFPSshiuYLp7AsrmpkQJ/PxCi6AzV81rCjBwWhyF2QGyUY/vPDMzoh4aUcWyucheRglG2LaS5qkIEfLRh6A==",
      "requires": {
        "boom": "7.1.1",
        "hoek": "5.0.2"
      }
    },
    "catbox": {
      "version": "10.0.2",
      "resolved": "https://registry.npmjs.org/catbox/-/catbox-10.0.2.tgz",
      "integrity": "sha512-cTQTQeKMhWHU0lX8CADE3g1koGJu+AlcWFzAjMX/8P+XbkScGYw3tJsQpe2Oh8q68vOQbOLacz9k+6V/F3Z9DA==",
      "requires": {
        "boom": "7.1.1",
        "bounce": "1.2.0",
        "hoek": "5.0.2",
        "joi": "13.1.0"
      }
    },
    "catbox-memory": {
      "version": "3.1.1",
      "resolved": "https://registry.npmjs.org/catbox-memory/-/catbox-memory-3.1.1.tgz",
      "integrity": "sha512-fl6TI/uneeUb9NGClKWZWkpCZQrkPmuVz/Jaqqb15vqW6KGfJ/vMP/ZMp8VgAkyTrrRvFHbFcS67sbU7EkvbhQ==",
      "requires": {
        "big-time": "2.0.0",
        "boom": "7.1.1",
        "hoek": "5.0.2"
      }
    },
    "content": {
      "version": "4.0.3",
      "resolved": "https://registry.npmjs.org/content/-/content-4.0.3.tgz",
      "integrity": "sha512-BrMfT1xXZHaXyPT/sneXc3IQzh8uL15JWV1R5tU0xo4sBGjF7BN+IRi9WoQLSbfNEs7bJ3E69rjxBKg/RL7lOQ==",
      "requires": {
        "boom": "7.1.1"
      }
    },
    "core-js": {
      "version": "2.5.3",
      "resolved": "https://registry.npmjs.org/core-js/-/core-js-2.5.3.tgz",
      "integrity": "sha1-isw4NFgk8W2DZbfJtCWRaOjtYD4="
    },
    "cryptiles": {
      "version": "4.1.1",
      "resolved": "https://registry.npmjs.org/cryptiles/-/cryptiles-4.1.1.tgz",
      "integrity": "sha512-YuQUPbcOmaZsdvxJZ25DCA1W+lLIRoPJKBDKin+St1RCYEERSfoe1d25B1MvWNHN3e8SpFSVsqYvEUjp8J9H2w==",
      "requires": {
        "boom": "7.1.1"
      }
    },
    "deprecated-decorator": {
      "version": "0.1.6",
      "resolved": "https://registry.npmjs.org/deprecated-decorator/-/deprecated-decorator-0.1.6.tgz",
      "integrity": "sha1-AJZjF7ehL+kvPMgx91g68ym4bDc="
    },
    "es6-promise": {
      "version": "4.2.2",
      "resolved": "https://registry.npmjs.org/es6-promise/-/es6-promise-4.2.2.tgz",
      "integrity": "sha512-LSas5vsuA6Q4nEdf9wokY5/AJYXry98i0IzXsv49rYsgDGDNDPbqAYR1Pe23iFxygfbGZNR/5VrHXBCh2BhvUQ=="
    },
    "graphql": {
      "version": "0.12.3",
      "resolved": "https://registry.npmjs.org/graphql/-/graphql-0.12.3.tgz",
      "integrity": "sha512-Hn9rdu4zacplKXNrLCvR8YFiTGnbM4Zw/UH8FDmzBDsH7ou40lSNH4tIlsxcYnz2TGNVJCpu1WxCM23yd6kzhA==",
      "requires": {
        "iterall": "1.1.3"
      }
    },
    "graphql-extensions": {
      "version": "0.0.5",
      "resolved": "https://registry.npmjs.org/graphql-extensions/-/graphql-extensions-0.0.5.tgz",
      "integrity": "sha512-IbgYhKIyI60Nio/uJjkkiXaOZ2fI8ynAyzcA/okD0iuKzBdWX4Tn6tidMLgd16Bf2v3TtNnyXnN0F2BJDs6e4A==",
      "requires": {
        "core-js": "2.5.3",
        "source-map-support": "0.5.0"
      }
    },
    "graphql-subscriptions": {
      "version": "0.5.6",
      "resolved": "https://registry.npmjs.org/graphql-subscriptions/-/graphql-subscriptions-0.5.6.tgz",
      "integrity": "sha512-LQW9cg0/L/yBMEJFsQwKhDCJifPGh8oWZz29Tzq4DVEwwS65O0Om0YGB1FbK/hP9/lINdEk91khHAKJv3OLGxQ==",
      "requires": {
        "es6-promise": "4.2.2",
        "iterall": "1.1.3"
      }
    },
    "graphql-tools": {
      "version": "2.16.0",
      "resolved": "https://registry.npmjs.org/graphql-tools/-/graphql-tools-2.16.0.tgz",
      "integrity": "sha512-DWsqzwjuE1Uo9YprcGPWSvqZsLriw+FvBljYq+QgptpiZKABIQoi/4uAMwKWQZfJHcxfgIO5wjkCuKNmRpPP4A==",
      "requires": {
        "apollo-link": "1.0.7",
        "apollo-utilities": "1.0.3",
        "deprecated-decorator": "0.1.6",
        "graphql-subscriptions": "0.5.6",
        "uuid": "3.1.0"
      }
    },
    "hapi": {
      "version": "17.2.0",
      "resolved": "https://registry.npmjs.org/hapi/-/hapi-17.2.0.tgz",
      "integrity": "sha512-zw2tqNimjT+qglgUNGNpeweHJ5To1xUcJcfGKsG5dWiTzwkEZtmtHJ8mBIvxuuZ3Buu4xkAGj0yWrrR95FVqQQ==",
      "requires": {
        "accept": "3.0.2",
        "ammo": "3.0.0",
        "boom": "7.1.1",
        "bounce": "1.2.0",
        "call": "5.0.1",
        "catbox": "10.0.2",
        "catbox-memory": "3.1.1",
        "heavy": "6.1.0",
        "hoek": "5.0.2",
        "joi": "13.1.0",
        "mimos": "4.0.0",
        "podium": "3.1.2",
        "shot": "4.0.4",
        "statehood": "6.0.5",
        "subtext": "6.0.7",
        "teamwork": "3.0.1",
        "topo": "3.0.0"
      }
    },
    "heavy": {
      "version": "6.1.0",
      "resolved": "https://registry.npmjs.org/heavy/-/heavy-6.1.0.tgz",
      "integrity": "sha512-TKS9DC9NOTGulHQI31Lx+bmeWmNOstbJbGMiN3pX6bF+Zc2GKSpbbym4oasNnB6yPGkqJ9TQXXYDGohqNSJRxA==",
      "requires": {
        "boom": "7.1.1",
        "hoek": "5.0.2",
        "joi": "13.1.0"
      }
    },
    "hoek": {
      "version": "5.0.2",
      "resolved": "https://registry.npmjs.org/hoek/-/hoek-5.0.2.tgz",
      "integrity": "sha512-NA10UYP9ufCtY2qYGkZktcQXwVyYK4zK0gkaFSB96xhtlo6V8tKXdQgx8eHolQTRemaW0uLn8BhjhwqrOU+QLQ=="
    },
    "iron": {
      "version": "5.0.4",
      "resolved": "https://registry.npmjs.org/iron/-/iron-5.0.4.tgz",
      "integrity": "sha512-7iQ5/xFMIYaNt9g2oiNiWdhrOTdRUMFaWENUd0KghxwPUhrIH8DUY8FEyLNTTzf75jaII+jMexLdY/2HfV61RQ==",
      "requires": {
        "boom": "7.1.1",
        "cryptiles": "4.1.1",
        "hoek": "5.0.2"
      }
    },
    "isemail": {
      "version": "3.0.0",
      "resolved": "https://registry.npmjs.org/isemail/-/isemail-3.0.0.tgz",
      "integrity": "sha512-rz0ng/c+fX+zACpLgDB8fnUQ845WSU06f4hlhk4K8TJxmR6f5hyvitu9a9JdMD7aq/P4E0XdG1uaab2OiXgHlA==",
      "requires": {
        "punycode": "2.1.0"
      }
    },
    "iterall": {
      "version": "1.1.3",
      "resolved": "https://registry.npmjs.org/iterall/-/iterall-1.1.3.tgz",
      "integrity": "sha512-Cu/kb+4HiNSejAPhSaN1VukdNTTi/r4/e+yykqjlG/IW+1gZH5b4+Bq3whDX4tvbYugta3r8KTMUiqT3fIGxuQ=="
    },
    "joi": {
      "version": "13.1.0",
      "resolved": "https://registry.npmjs.org/joi/-/joi-13.1.0.tgz",
      "integrity": "sha512-x6pGmDYI6hwNi3skP6irQqRaJntzeaWmZ4rsnjc/NTlf6P5Gp3Aw/O8REe8oLJ6wPhrzd9K3RW1m3Yz/Hx4Weg==",
      "requires": {
        "hoek": "5.0.2",
        "isemail": "3.0.0",
        "topo": "3.0.0"
      }
    },
    "mime-db": {
      "version": "1.32.0",
      "resolved": "https://registry.npmjs.org/mime-db/-/mime-db-1.32.0.tgz",
      "integrity": "sha512-+ZWo/xZN40Tt6S+HyakUxnSOgff+JEdaneLWIm0Z6LmpCn5DMcZntLyUY5c/rTDog28LhXLKOUZKoTxTCAdBVw=="
    },
    "mimos": {
      "version": "4.0.0",
      "resolved": "https://registry.npmjs.org/mimos/-/mimos-4.0.0.tgz",
      "integrity": "sha512-JvlvRLqGIlk+AYypWrbrDmhsM+6JVx/xBM5S3AMwTBz1trPCEoPN/swO2L4Wu653fL7oJdgk8DMQyG/Gq3JkZg==",
      "requires": {
        "hoek": "5.0.2",
        "mime-db": "1.32.0"
      }
    },
    "nigel": {
      "version": "3.0.0",
      "resolved": "https://registry.npmjs.org/nigel/-/nigel-3.0.0.tgz",
      "integrity": "sha512-ufFVFCe1zS/pfIQzQNa5uJxB8v8IcVTUn1zyPvQwb4CQGRxxBfdQPSXpEnI6ZzIwbV5L+GuAoRhYgcVSvTO7fA==",
      "requires": {
        "hoek": "5.0.2",
        "vise": "3.0.0"
      }
    },
    "pez": {
      "version": "4.0.1",
      "resolved": "https://registry.npmjs.org/pez/-/pez-4.0.1.tgz",
      "integrity": "sha512-0c/SoW5MY7lPdc5U1Q/ixyjLZbluGWJonHVmn4mKwSq7vgO9+a9WzoCopHubIwkot6Q+fevNVElaA+1M9SqHrA==",
      "requires": {
        "b64": "4.0.0",
        "boom": "7.1.1",
        "content": "4.0.3",
        "hoek": "5.0.2",
        "nigel": "3.0.0"
      }
    },
    "podium": {
      "version": "3.1.2",
      "resolved": "https://registry.npmjs.org/podium/-/podium-3.1.2.tgz",
      "integrity": "sha512-18VrjJAduIdPv7d9zWsfmKxTj3cQTYC5Pv5gtKxcWujYBpGbV+mhNSPYhlHW5xeWoazYyKfB9FEsPT12r5rY1A==",
      "requires": {
        "hoek": "5.0.2",
        "joi": "13.1.0"
      }
    },
    "punycode": {
      "version": "2.1.0",
      "resolved": "https://registry.npmjs.org/punycode/-/punycode-2.1.0.tgz",
      "integrity": "sha1-X4Y+3Im5bbCQdLrXlHvwkFbKTn0="
    },
    "shot": {
      "version": "4.0.4",
      "resolved": "https://registry.npmjs.org/shot/-/shot-4.0.4.tgz",
      "integrity": "sha512-V8wHSJSNqt8ZIgdbTQCFIrp5BwBH+tsFLNBL1REmkFN/0PJdmzUBQscZqsbdSvdLc+Qxq7J5mcwzai66vs3ozA==",
      "requires": {
        "hoek": "5.0.2",
        "joi": "13.1.0"
      }
    },
    "source-map": {
      "version": "0.6.1",
      "resolved": "https://registry.npmjs.org/source-map/-/source-map-0.6.1.tgz",
      "integrity": "sha512-UjgapumWlbMhkBgzT7Ykc5YXUT46F0iKu8SGXq0bcwP5dz/h0Plj6enJqjz1Zbq2l5WaqYnrVbwWOWMyF3F47g=="
    },
    "source-map-support": {
      "version": "0.5.0",
      "resolved": "https://registry.npmjs.org/source-map-support/-/source-map-support-0.5.0.tgz",
      "integrity": "sha512-vUoN3I7fHQe0R/SJLKRdKYuEdRGogsviXFkHHo17AWaTGv17VLnxw+CFXvqy+y4ORZ3doWLQcxRYfwKrsd/H7Q==",
      "requires": {
        "source-map": "0.6.1"
      }
    },
    "statehood": {
      "version": "6.0.5",
      "resolved": "https://registry.npmjs.org/statehood/-/statehood-6.0.5.tgz",
      "integrity": "sha512-HPa8qT5sGTBVn1Fc9czBYR1oo7gBaay3ysnb04cvcF80YrDIV7880KpjmMj54j7CrFuQFfgMRb44QCRxRmAdTg==",
      "requires": {
        "boom": "7.1.1",
        "bounce": "1.2.0",
        "cryptiles": "4.1.1",
        "hoek": "5.0.2",
        "iron": "5.0.4",
        "joi": "13.1.0"
      }
    },
    "subtext": {
      "version": "6.0.7",
      "resolved": "https://registry.npmjs.org/subtext/-/subtext-6.0.7.tgz",
      "integrity": "sha512-IcJUvRjeR+NB437Iq+LORFNJW4L6Knqkj3oQrBrkdhIaS2VKJvx/9aYEq7vi+PEx5/OuehOL/40SkSZotLi/MA==",
      "requires": {
        "boom": "7.1.1",
        "content": "4.0.3",
        "hoek": "5.0.2",
        "pez": "4.0.1",
        "wreck": "14.0.2"
      }
    },
    "teamwork": {
      "version": "3.0.1",
      "resolved": "https://registry.npmjs.org/teamwork/-/teamwork-3.0.1.tgz",
      "integrity": "sha512-hEkJIpDOfOYe9NYaLFk00zQbzZeKNCY8T2pRH3I13Y1mJwxaSQ6NEsjY5rCp+11ezCiZpWGoGFTbOuhg4qKevQ=="
    },
    "topo": {
      "version": "3.0.0",
      "resolved": "https://registry.npmjs.org/topo/-/topo-3.0.0.tgz",
      "integrity": "sha512-Tlu1fGlR90iCdIPURqPiufqAlCZYzLjHYVVbcFWDMcX7+tK8hdZWAfsMrD/pBul9jqHHwFjNdf1WaxA9vTRRhw==",
      "requires": {
        "hoek": "5.0.2"
      }
    },
    "uuid": {
      "version": "3.1.0",
      "resolved": "https://registry.npmjs.org/uuid/-/uuid-3.1.0.tgz",
      "integrity": "sha512-DIWtzUkw04M4k3bf1IcpS2tngXEL26YUD2M0tMDUpnUrz2hgzUBlD55a4FjdLGPvfHxS6uluGWvaVEqgBcVa+g=="
    },
    "vise": {
      "version": "3.0.0",
      "resolved": "https://registry.npmjs.org/vise/-/vise-3.0.0.tgz",
      "integrity": "sha512-kBFZLmiL1Vm3rHXphkhvvAcsjgeQXRrOFCbJb0I50YZZP4HGRNH+xGzK3matIMcpbsfr3I02u9odj4oCD0TWgA==",
      "requires": {
        "hoek": "5.0.2"
      }
    },
    "wreck": {
      "version": "14.0.2",
      "resolved": "https://registry.npmjs.org/wreck/-/wreck-14.0.2.tgz",
      "integrity": "sha512-QCm3omWNJUseqrSzwX2QZi1rBbmCfbFHJAXputLLyZ37VSiFnSYQB0ms/mPnSvrlIu7GVm89Y/gBNhSY26uVIQ==",
      "requires": {
        "boom": "7.1.1",
        "hoek": "5.0.2"
      }
    },
    "zen-observable": {
      "version": "0.6.1",
      "resolved": "https://registry.npmjs.org/zen-observable/-/zen-observable-0.6.1.tgz",
      "integrity": "sha512-DKjFTL7siVLIUMZOFZ0alqMEdTsXPUxoCZzrvB2tdWEVN/6606Qh1nCfSTCAOZMrtcPzzFI3BXmwBKLAew52NA=="
    }
  }
}
