# THIS IS AN AUTOGENERATED FILE. DO NOT EDIT THIS FILE DIRECTLY.
# yarn lockfile v1


accept@3.x.x:
  version "3.1.3"
  resolved "https://registry.yarnpkg.com/accept/-/accept-3.1.3.tgz#29c3e2b3a8f4eedbc2b690e472b9ebbdc7385e87"
  dependencies:
    boom "7.x.x"
    hoek "6.x.x"

ammo@3.x.x:
  version "3.0.3"
  resolved "https://registry.yarnpkg.com/ammo/-/ammo-3.0.3.tgz#502aafa9d8bfca264143e226e5f322716e746b0c"
  dependencies:
    hoek "6.x.x"

apollo-cache-control@^0.1.0:
  version "0.1.1"
  resolved "https://registry.yarnpkg.com/apollo-cache-control/-/apollo-cache-control-0.1.1.tgz#173d14ceb3eb9e7cb53de7eb8b61bee6159d4171"
  dependencies:
    graphql-extensions "^0.0.x"

apollo-server-core@^1.4.0:
  version "1.4.0"
  resolved "https://registry.yarnpkg.com/apollo-server-core/-/apollo-server-core-1.4.0.tgz#4faff7f110bfdd6c3f47008302ae24140f94c592"
  dependencies:
    apollo-cache-control "^0.1.0"
    apollo-tracing "^0.1.0"
    graphql-extensions "^0.0.x"

apollo-server-hapi@^1.3.1:
  version "1.4.0"
  resolved "https://registry.yarnpkg.com/apollo-server-hapi/-/apollo-server-hapi-1.4.0.tgz#df63dcac17120490cde756370bdb5ea965141bc3"
  dependencies:
    apollo-server-core "^1.4.0"
    apollo-server-module-graphiql "^1.4.0"
    boom "^7.1.0"

apollo-server-module-graphiql@^1.4.0:
  version "1.4.0"
  resolved "https://registry.yarnpkg.com/apollo-server-module-graphiql/-/apollo-server-module-graphiql-1.4.0.tgz#c559efa285578820709f1769bb85d3b3eed3d8ec"

apollo-tracing@^0.1.0:
  version "0.1.1"
  resolved "https://registry.yarnpkg.com/apollo-tracing/-/apollo-tracing-0.1.1.tgz#7a5707543fc102f81cda7ba45b98331a82a6750b"
  dependencies:
    graphql-extensions "^0.0.x"

apollo-utilities@^1.0.1:
  version "1.0.1"
  resolved "https://registry.yarnpkg.com/apollo-utilities/-/apollo-utilities-1.0.1.tgz#34b4df0bd6ed71d0afaa7c62489173dca5d07e92"

b64@4.x.x:
  version "4.1.2"
  resolved "https://registry.yarnpkg.com/b64/-/b64-4.1.2.tgz#7015372ba8101f7fb18da070717a93c28c8580d8"
  dependencies:
    hoek "6.x.x"

big-time@2.x.x:
  version "2.0.1"
  resolved "https://registry.yarnpkg.com/big-time/-/big-time-2.0.1.tgz#68c7df8dc30f97e953f25a67a76ac9713c16c9de"

boom@7.x.x, boom@^7.1.0:
  version "7.3.0"
  resolved "https://registry.yarnpkg.com/boom/-/boom-7.3.0.tgz#733a6d956d33b0b1999da3fe6c12996950d017b9"
  dependencies:
    hoek "6.x.x"

bounce@1.x.x:
  version "1.2.3"
  resolved "https://registry.yarnpkg.com/bounce/-/bounce-1.2.3.tgz#2b286d36eb21d5f08fe672dd8cd37a109baad121"
  dependencies:
    boom "7.x.x"
    hoek "6.x.x"

bourne@1.x.x:
  version "1.1.2"
  resolved "https://registry.yarnpkg.com/bourne/-/bourne-1.1.2.tgz#e290b5bd7166635632eaf8ef12b006b2d4a75b83"

call@5.x.x:
  version "5.0.3"
  resolved "https://registry.yarnpkg.com/call/-/call-5.0.3.tgz#5dc82c698141c2d45c51a9c3c7e0697f43ac46a2"
  dependencies:
    boom "7.x.x"
    hoek "6.x.x"

catbox-memory@3.x.x:
  version "3.1.4"
  resolved "https://registry.yarnpkg.com/catbox-memory/-/catbox-memory-3.1.4.tgz#114fd6da3b2630a5db2ff246db9ff2226148c2b0"
  dependencies:
    big-time "2.x.x"
    boom "7.x.x"
    hoek "6.x.x"

catbox@10.x.x:
  version "10.0.6"
  resolved "https://registry.yarnpkg.com/catbox/-/catbox-10.0.6.tgz#d8d8dc3c36c965560539f94245904b229a8af428"
  dependencies:
    boom "7.x.x"
    hoek "6.x.x"
    joi "14.x.x"

content@4.x.x:
  version "4.0.6"
  resolved "https://registry.yarnpkg.com/content/-/content-4.0.6.tgz#76ffd96c5cbccf64fe3923cbb9c48b8bc04b273e"
  dependencies:
    boom "7.x.x"

core-js@^2.5.1:
  version "2.5.1"
  resolved "https://registry.yarnpkg.com/core-js/-/core-js-2.5.1.tgz#ae6874dc66937789b80754ff5428df66819ca50b"

cryptiles@4.x.x:
  version "4.1.3"
  resolved "https://registry.yarnpkg.com/cryptiles/-/cryptiles-4.1.3.tgz#2461d3390ea0b82c643a6ba79f0ed491b0934c25"
  dependencies:
    boom "7.x.x"

deprecated-decorator@^0.1.6:
  version "0.1.6"
  resolved "https://registry.yarnpkg.com/deprecated-decorator/-/deprecated-decorator-0.1.6.tgz#00966317b7a12fe92f3cc831f7583af329b86c37"

graphql-extensions@^0.0.x:
  version "0.0.5"
  resolved "https://registry.yarnpkg.com/graphql-extensions/-/graphql-extensions-0.0.5.tgz#63bc4a3fd31aab12bfadf783cbc038a9a6937cf0"
  dependencies:
    core-js "^2.5.1"
    source-map-support "^0.5.0"

graphql-tools@^2.7.1:
  version "2.7.1"
  resolved "https://registry.yarnpkg.com/graphql-tools/-/graphql-tools-2.7.1.tgz#9875ef1a83134db3e998349e1e909944bf8b9ebb"
  dependencies:
    apollo-utilities "^1.0.1"
    deprecated-decorator "^0.1.6"
    uuid "^3.1.0"

graphql@^0.12.3:
  version "0.12.3"
  resolved "https://registry.yarnpkg.com/graphql/-/graphql-0.12.3.tgz#11668458bbe28261c0dcb6e265f515ba79f6ce07"
  dependencies:
    iterall "1.1.3"

hapi@^17.0.0:
  version "17.8.5"
  resolved "https://registry.yarnpkg.com/hapi/-/hapi-17.8.5.tgz#31bc23dfd45c9cbc8b417ea2eaecd14694aa150e"
  dependencies:
    accept "3.x.x"
    ammo "3.x.x"
    boom "7.x.x"
    bounce "1.x.x"
    call "5.x.x"
    catbox "10.x.x"
    catbox-memory "3.x.x"
    heavy "6.x.x"
    hoek "6.x.x"
    joi "14.x.x"
    mimos "4.x.x"
    podium "3.x.x"
    shot "4.x.x"
    somever "2.x.x"
    statehood "6.x.x"
    subtext "6.x.x"
    teamwork "3.x.x"
    topo "3.x.x"

heavy@6.x.x:
  version "6.1.2"
  resolved "https://registry.yarnpkg.com/heavy/-/heavy-6.1.2.tgz#e5d56f18170a37b01d4381bc07fece5edc68520b"
  dependencies:
    boom "7.x.x"
    hoek "6.x.x"
    joi "14.x.x"

hoek@6.x.x:
  version "6.1.3"
  resolved "https://registry.yarnpkg.com/hoek/-/hoek-6.1.3.tgz#73b7d33952e01fe27a38b0457294b79dd8da242c"

iron@5.x.x:
  version "5.0.6"
  resolved "https://registry.yarnpkg.com/iron/-/iron-5.0.6.tgz#7121d4a6e3ac2f65e4d02971646fea1995434744"
  dependencies:
    b64 "4.x.x"
    boom "7.x.x"
    cryptiles "4.x.x"
    hoek "6.x.x"

isemail@3.x.x:
  version "3.0.0"
  resolved "https://registry.yarnpkg.com/isemail/-/isemail-3.0.0.tgz#c89a46bb7a3361e1759f8028f9082488ecce3dff"
  dependencies:
    punycode "2.x.x"

iterall@1.1.3:
  version "1.1.3"
  resolved "https://registry.yarnpkg.com/iterall/-/iterall-1.1.3.tgz#1cbbff96204056dde6656e2ed2e2226d0e6d72c9"

joi@14.x.x:
  version "14.3.1"
  resolved "https://registry.yarnpkg.com/joi/-/joi-14.3.1.tgz#164a262ec0b855466e0c35eea2a885ae8b6c703c"
  dependencies:
    hoek "6.x.x"
    isemail "3.x.x"
    topo "3.x.x"

mime-db@1.x.x:
  version "1.31.0"
  resolved "https://registry.yarnpkg.com/mime-db/-/mime-db-1.31.0.tgz#a49cd8f3ebf3ed1a482b60561d9105ad40ca74cb"

mimos@4.x.x:
  version "4.0.2"
  resolved "https://registry.yarnpkg.com/mimos/-/mimos-4.0.2.tgz#f2762d7c60118ce51c2231afa090bc335d21d0f8"
  dependencies:
    hoek "6.x.x"
    mime-db "1.x.x"

nigel@3.x.x:
  version "3.0.4"
  resolved "https://registry.yarnpkg.com/nigel/-/nigel-3.0.4.tgz#edcd82f2e9387fe34ba21e3127ae4891547c7945"
  dependencies:
    hoek "6.x.x"
    vise "3.x.x"

pez@4.x.x:
  version "4.0.5"
  resolved "https://registry.yarnpkg.com/pez/-/pez-4.0.5.tgz#a975c49deff330d298d82851b39f81c2710556df"
  dependencies:
    b64 "4.x.x"
    boom "7.x.x"
    content "4.x.x"
    hoek "6.x.x"
    nigel "3.x.x"

podium@3.x.x:
  version "3.2.0"
  resolved "https://registry.yarnpkg.com/podium/-/podium-3.2.0.tgz#2a7c579ddd5408f412d014c9ffac080c41d83477"
  dependencies:
    hoek "6.x.x"
    joi "14.x.x"

punycode@2.x.x:
  version "2.1.0"
  resolved "https://registry.yarnpkg.com/punycode/-/punycode-2.1.0.tgz#5f863edc89b96db09074bad7947bf09056ca4e7d"

shot@4.x.x:
  version "4.0.7"
  resolved "https://registry.yarnpkg.com/shot/-/shot-4.0.7.tgz#b05d2858634fedc18ece99e8f638fab7c9f9d4c4"
  dependencies:
    hoek "6.x.x"
    joi "14.x.x"

somever@2.x.x:
  version "2.0.0"
  resolved "https://registry.yarnpkg.com/somever/-/somever-2.0.0.tgz#7bdbed3bee8ece2c7c8a2e7d9a1c022bd98d6c89"
  dependencies:
    bounce "1.x.x"
    hoek "6.x.x"

source-map-support@^0.5.0:
  version "0.5.0"
  resolved "https://registry.yarnpkg.com/source-map-support/-/source-map-support-0.5.0.tgz#2018a7ad2bdf8faf2691e5fddab26bed5a2bacab"
  dependencies:
    source-map "^0.6.0"

source-map@^0.6.0:
  version "0.6.1"
  resolved "https://registry.yarnpkg.com/source-map/-/source-map-0.6.1.tgz#74722af32e9614e9c287a8d0bbde48b5e2f1a263"

statehood@6.x.x:
  version "6.0.9"
  resolved "https://registry.yarnpkg.com/statehood/-/statehood-6.0.9.tgz#b347ae19818aec7fc26645fe1ec6a61928a57a3c"
  dependencies:
    boom "7.x.x"
    bounce "1.x.x"
    bourne "1.x.x"
    cryptiles "4.x.x"
    hoek "6.x.x"
    iron "5.x.x"
    joi "14.x.x"

subtext@6.x.x:
  version "6.0.12"
  resolved "https://registry.yarnpkg.com/subtext/-/subtext-6.0.12.tgz#ac09be3eac1eca3396933adeadd65fc781f64fc1"
  dependencies:
    boom "7.x.x"
    bourne "1.x.x"
    content "4.x.x"
    hoek "6.x.x"
    pez "4.x.x"
    wreck "14.x.x"

teamwork@3.x.x:
  version "3.2.0"
  resolved "https://registry.yarnpkg.com/teamwork/-/teamwork-3.2.0.tgz#27916edab815459c1a4686252eb18fb5925f49fa"

topo@3.x.x:
  version "3.0.3"
  resolved "https://registry.yarnpkg.com/topo/-/topo-3.0.3.tgz#d5a67fb2e69307ebeeb08402ec2a2a6f5f7ad95c"
  dependencies:
    hoek "6.x.x"

uuid@^3.1.0:
  version "3.1.0"
  resolved "https://registry.yarnpkg.com/uuid/-/uuid-3.1.0.tgz#3dd3d3e790abc24d7b0d3a034ffababe28ebbc04"

vise@3.x.x:
  version "3.0.2"
  resolved "https://registry.yarnpkg.com/vise/-/vise-3.0.2.tgz#9a8b7450f783aa776faa327fe47d7bfddb227266"
  dependencies:
    hoek "6.x.x"

wreck@14.x.x:
  version "14.2.0"
  resolved "https://registry.yarnpkg.com/wreck/-/wreck-14.2.0.tgz#0064a5b930fc675f57830c1fd28342da1a70b0fc"
  dependencies:
    boom "7.x.x"
    bourne "1.x.x"
    hoek "6.x.x"
