# THIS IS AN AUTOGENERATED FILE. DO NOT EDIT THIS FILE DIRECTLY.
# yarn lockfile v1


"@hapi/accept@^5.0.1":
  version "5.0.1"
  resolved "https://registry.yarnpkg.com/@hapi/accept/-/accept-5.0.1.tgz#068553e867f0f63225a506ed74e899441af53e10"
  integrity sha512-fMr4d7zLzsAXo28PRRQPXR1o2Wmu+6z+VY1UzDp0iFo13Twj8WePakwXBiqn3E1aAlTpSNzCXdnnQXFhst8h8Q==
  dependencies:
    "@hapi/boom" "9.x.x"
    "@hapi/hoek" "9.x.x"

"@hapi/address@4.x.x", "@hapi/address@^4.0.1":
  version "4.0.1"
  resolved "https://registry.yarnpkg.com/@hapi/address/-/address-4.0.1.tgz#267301ddf7bc453718377a6fb3832a2f04a721dd"
  integrity sha512-0oEP5UiyV4f3d6cBL8F3Z5S7iWSX39Knnl0lY8i+6gfmmIBj44JCBNtcMgwyS+5v7j3VYavNay0NFHDS+UGQcw==
  dependencies:
    "@hapi/hoek" "^9.0.0"

"@hapi/ammo@^5.0.1":
  version "5.0.1"
  resolved "https://registry.yarnpkg.com/@hapi/ammo/-/ammo-5.0.1.tgz#9d34560f5c214eda563d838c01297387efaab490"
  integrity sha512-FbCNwcTbnQP4VYYhLNGZmA76xb2aHg9AMPiy18NZyWMG310P5KdFGyA9v2rm5ujrIny77dEEIkMOwl0Xv+fSSA==
  dependencies:
    "@hapi/hoek" "9.x.x"

"@hapi/b64@5.x.x":
  version "5.0.0"
  resolved "https://registry.yarnpkg.com/@hapi/b64/-/b64-5.0.0.tgz#b8210cbd72f4774985e78569b77e97498d24277d"
  integrity sha512-ngu0tSEmrezoiIaNGG6rRvKOUkUuDdf4XTPnONHGYfSGRmDqPZX5oJL6HAdKTo1UQHECbdB4OzhWrfgVppjHUw==
  dependencies:
    "@hapi/hoek" "9.x.x"

"@hapi/boom@9.x.x":
  version "9.1.0"
  resolved "https://registry.yarnpkg.com/@hapi/boom/-/boom-9.1.0.tgz#0d9517657a56ff1e0b42d0aca9da1b37706fec56"
  integrity sha512-4nZmpp4tXbm162LaZT45P7F7sgiem8dwAh2vHWT6XX24dozNjGMg6BvKCRvtCUcmcXqeMIUqWN8Rc5X8yKuROQ==
  dependencies:
    "@hapi/hoek" "9.x.x"

"@hapi/bounce@2.x.x":
  version "2.0.0"
  resolved "https://registry.yarnpkg.com/@hapi/bounce/-/bounce-2.0.0.tgz#e6ef56991c366b1e2738b2cd83b01354d938cf3d"
  integrity sha512-JesW92uyzOOyuzJKjoLHM1ThiOvHPOLDHw01YV8yh5nCso7sDwJho1h0Ad2N+E62bZyz46TG3xhAi/78Gsct6A==
  dependencies:
    "@hapi/boom" "9.x.x"
    "@hapi/hoek" "9.x.x"

"@hapi/bourne@2.x.x":
  version "2.0.0"
  resolved "https://registry.yarnpkg.com/@hapi/bourne/-/bourne-2.0.0.tgz#5bb2193eb685c0007540ca61d166d4e1edaf918d"
  integrity sha512-WEezM1FWztfbzqIUbsDzFRVMxSoLy3HugVcux6KDDtTqzPsLE8NDRHfXvev66aH1i2oOKKar3/XDjbvh/OUBdg==

"@hapi/call@8.x.x":
  version "8.0.0"
  resolved "https://registry.yarnpkg.com/@hapi/call/-/call-8.0.0.tgz#a5e456b611d848cf5a12662ef120da886041c54d"
  integrity sha512-4xHIWWqaIDQlVU88XAnomACSoC7iWUfaLfdu2T7I0y+HFFwZUrKKGfwn6ik4kwKsJRMnOliG3UXsF8V/94+Lkg==
  dependencies:
    "@hapi/address" "4.x.x"
    "@hapi/boom" "9.x.x"
    "@hapi/hoek" "9.x.x"

"@hapi/catbox-memory@5.x.x":
  version "5.0.0"
  resolved "https://registry.yarnpkg.com/@hapi/catbox-memory/-/catbox-memory-5.0.0.tgz#6c18dad1a80737480d1c33bfbefd5d028deec86d"
  integrity sha512-ByuxVJPHNaXwLzbBv4GdTr6ccpe1nG+AfYt+8ftDWEJY7EWBWzD+Klhy5oPTDGzU26pNUh1e7fcYI1ILZRxAXQ==
  dependencies:
    "@hapi/boom" "9.x.x"
    "@hapi/hoek" "9.x.x"

"@hapi/catbox@11.x.x":
  version "11.1.0"
  resolved "https://registry.yarnpkg.com/@hapi/catbox/-/catbox-11.1.0.tgz#949380c82b8f1cd1f760d67569fcd34aba54f140"
  integrity sha512-FDEjfn26RZRyOEPeZdaAL7dRiAK5FOGuwTnTw0gxK30csAlKeOHsEnoIxnLIXx7QOS17eUaOk6+MiweWQM6Keg==
  dependencies:
    "@hapi/boom" "9.x.x"
    "@hapi/hoek" "9.x.x"
    "@hapi/joi" "17.x.x"
    "@hapi/podium" "4.x.x"

"@hapi/content@^5.0.2":
  version "5.0.2"
  resolved "https://registry.yarnpkg.com/@hapi/content/-/content-5.0.2.tgz#ae57954761de570392763e64cdd75f074176a804"
  integrity sha512-mre4dl1ygd4ZyOH3tiYBrOUBzV7Pu/EOs8VLGf58vtOEECWed8Uuw6B4iR9AN/8uQt42tB04qpVaMyoMQh0oMw==
  dependencies:
    "@hapi/boom" "9.x.x"

"@hapi/cryptiles@5.x.x":
  version "5.0.0"
  resolved "https://registry.yarnpkg.com/@hapi/cryptiles/-/cryptiles-5.0.0.tgz#364ca3336594c7f261707a527c4d36da4a8eb86e"
  integrity sha512-Yq43ti9N51Z7jbm0Q7YVCcofA+4Gh5wsBX/jZ++Z+FM8GYfBQ1WmI9ufZSL+BVX8vRxzDkdQ2fKoG6cxOQlnVQ==
  dependencies:
    "@hapi/boom" "9.x.x"

"@hapi/file@2.x.x":
  version "2.0.0"
  resolved "https://registry.yarnpkg.com/@hapi/file/-/file-2.0.0.tgz#2ecda37d1ae9d3078a67c13b7da86e8c3237dfb9"
  integrity sha512-WSrlgpvEqgPWkI18kkGELEZfXr0bYLtr16iIN4Krh9sRnzBZN6nnWxHFxtsnP684wueEySBbXPDg/WfA9xJdBQ==

"@hapi/formula@^2.0.0":
  version "2.0.0"
  resolved "https://registry.yarnpkg.com/@hapi/formula/-/formula-2.0.0.tgz#edade0619ed58c8e4f164f233cda70211e787128"
  integrity sha512-V87P8fv7PI0LH7LiVi8Lkf3x+KCO7pQozXRssAHNXXL9L1K+uyu4XypLXwxqVDKgyQai6qj3/KteNlrqDx4W5A==

"@hapi/hapi@^19.1.1":
  version "19.1.1"
  resolved "https://registry.yarnpkg.com/@hapi/hapi/-/hapi-19.1.1.tgz#d3b73777194b2229be81dd237b23b06711a781ca"
  integrity sha512-rpQzSs0XsHSF7usM4qdJJ0Bcmhs9stWhUW3OiamW33bw4qL8q3uEgUKB9KH8ODmluCAkkXOQ0X0Dh9t94E5VIw==
  dependencies:
    "@hapi/accept" "^5.0.1"
    "@hapi/ammo" "^5.0.1"
    "@hapi/boom" "9.x.x"
    "@hapi/bounce" "2.x.x"
    "@hapi/call" "8.x.x"
    "@hapi/catbox" "11.x.x"
    "@hapi/catbox-memory" "5.x.x"
    "@hapi/heavy" "7.x.x"
    "@hapi/hoek" "9.x.x"
    "@hapi/joi" "17.x.x"
    "@hapi/mimos" "5.x.x"
    "@hapi/podium" "4.x.x"
    "@hapi/shot" "5.x.x"
    "@hapi/somever" "3.x.x"
    "@hapi/statehood" "^7.0.2"
    "@hapi/subtext" "^7.0.3"
    "@hapi/teamwork" "4.x.x"
    "@hapi/topo" "5.x.x"

"@hapi/heavy@7.x.x":
  version "7.0.0"
  resolved "https://registry.yarnpkg.com/@hapi/heavy/-/heavy-7.0.0.tgz#711b06be6c77a30c7a302d1a41f6edc400025d48"
  integrity sha512-n/nheUG6zNleWkjY+3fzV3VJIAumUCaa/WoTmurjqlYY5JgC5ZKOpvP7tWi8rXmKZhbcXgjH3fHFoM55LoBT7g==
  dependencies:
    "@hapi/boom" "9.x.x"
    "@hapi/hoek" "9.x.x"
    "@hapi/joi" "17.x.x"

"@hapi/hoek@9.x.x", "@hapi/hoek@^9.0.0":
  version "9.0.4"
  resolved "https://registry.yarnpkg.com/@hapi/hoek/-/hoek-9.0.4.tgz#e80ad4e8e8d2adc6c77d985f698447e8628b6010"
  integrity sha512-EwaJS7RjoXUZ2cXXKZZxZqieGtc7RbvQhUy8FwDoMQtxWVi14tFjeFCYPZAM1mBCpOpiBpyaZbb9NeHc7eGKgw==

"@hapi/iron@6.x.x":
  version "6.0.0"
  resolved "https://registry.yarnpkg.com/@hapi/iron/-/iron-6.0.0.tgz#ca3f9136cda655bdd6028de0045da0de3d14436f"
  integrity sha512-zvGvWDufiTGpTJPG1Y/McN8UqWBu0k/xs/7l++HVU535NLHXsHhy54cfEMdW7EjwKfbBfM9Xy25FmTiobb7Hvw==
  dependencies:
    "@hapi/b64" "5.x.x"
    "@hapi/boom" "9.x.x"
    "@hapi/bourne" "2.x.x"
    "@hapi/cryptiles" "5.x.x"
    "@hapi/hoek" "9.x.x"

"@hapi/joi@17.x.x":
  version "17.1.1"
  resolved "https://registry.yarnpkg.com/@hapi/joi/-/joi-17.1.1.tgz#9cc8d7e2c2213d1e46708c6260184b447c661350"
  integrity sha512-p4DKeZAoeZW4g3u7ZeRo+vCDuSDgSvtsB/NpfjXEHTUjSeINAi/RrVOWiVQ1isaoLzMvFEhe8n5065mQq1AdQg==
  dependencies:
    "@hapi/address" "^4.0.1"
    "@hapi/formula" "^2.0.0"
    "@hapi/hoek" "^9.0.0"
    "@hapi/pinpoint" "^2.0.0"
    "@hapi/topo" "^5.0.0"

"@hapi/mimos@5.x.x":
  version "5.0.0"
  resolved "https://registry.yarnpkg.com/@hapi/mimos/-/mimos-5.0.0.tgz#245c6c98b1cc2c13395755c730321b913de074eb"
  integrity sha512-EVS6wJYeE73InTlPWt+2e3Izn319iIvffDreci3qDNT+t3lA5ylJ0/SoTaID8e0TPNUkHUSsgJZXEmLHvoYzrA==
  dependencies:
    "@hapi/hoek" "9.x.x"
    mime-db "1.x.x"

"@hapi/nigel@4.x.x":
  version "4.0.0"
  resolved "https://registry.yarnpkg.com/@hapi/nigel/-/nigel-4.0.0.tgz#dae214f1fa3fd3e0d361515e855a54f57cdf7d4c"
  integrity sha512-Bqs1pjcDnDQo/XGoiCCNHWTFcMzPbz3L4KU04njeFQMzzEmsojMRX7TX+PezQYCMKtHJOtMg0bHxZyMGqYtbSA==
  dependencies:
    "@hapi/hoek" "9.x.x"
    "@hapi/vise" "4.x.x"

"@hapi/pez@^5.0.1":
  version "5.0.2"
  resolved "https://registry.yarnpkg.com/@hapi/pez/-/pez-5.0.2.tgz#24ea8c566500b2a55216e63e14bc91dd57f22c33"
  integrity sha512-jr1lAm8mE7J2IBxvDIuDI1qy2aAsoaD2jxOUd/7JRg/Vmrzco8HdKhtz4fKk6KHU6zbbsAp5m5aSWWVTUrag7g==
  dependencies:
    "@hapi/b64" "5.x.x"
    "@hapi/boom" "9.x.x"
    "@hapi/content" "^5.0.2"
    "@hapi/hoek" "9.x.x"
    "@hapi/nigel" "4.x.x"

"@hapi/pinpoint@^2.0.0":
  version "2.0.0"
  resolved "https://registry.yarnpkg.com/@hapi/pinpoint/-/pinpoint-2.0.0.tgz#805b40d4dbec04fc116a73089494e00f073de8df"
  integrity sha512-vzXR5MY7n4XeIvLpfl3HtE3coZYO4raKXW766R6DZw/6aLqR26iuZ109K7a0NtF2Db0jxqh7xz2AxkUwpUFybw==

"@hapi/podium@4.x.x":
  version "4.1.0"
  resolved "https://registry.yarnpkg.com/@hapi/podium/-/podium-4.1.0.tgz#f37166d4cd24f61a555d9e8f629f3f07f80fb5e2"
  integrity sha512-k/n0McAu8PvonfQRLyKKUvvdb+Gh/O5iAeIwv535Hpxw9B1qZcrYdZyWtHZ8O5PkA9/b/Kk+BdvtgcxeKMB/2g==
  dependencies:
    "@hapi/hoek" "9.x.x"
    "@hapi/joi" "17.x.x"
    "@hapi/teamwork" "4.x.x"

"@hapi/shot@5.x.x":
  version "5.0.0"
  resolved "https://registry.yarnpkg.com/@hapi/shot/-/shot-5.0.0.tgz#64c908398295c1b4bd10f471b3a83b4e1410f342"
  integrity sha512-JXddnJkRh3Xhv9lY1tA+TSIUaoODKbdNIPL/M8WFvFQKOttmGaDeqTW5e8Gf01LtLI7L5DraLMULHjrK1+YNFg==
  dependencies:
    "@hapi/hoek" "9.x.x"
    "@hapi/joi" "17.x.x"

"@hapi/somever@3.x.x":
  version "3.0.0"
  resolved "https://registry.yarnpkg.com/@hapi/somever/-/somever-3.0.0.tgz#f4e9b16a948415b926b4dd898013602b0cb45758"
  integrity sha512-Upw/kmKotC9iEmK4y047HMYe4LDKsE5NWfjgX41XNKmFvxsQL7OiaCWVhuyyhU0ShDGBfIAnCH8jZr49z/JzZA==
  dependencies:
    "@hapi/bounce" "2.x.x"
    "@hapi/hoek" "9.x.x"

"@hapi/statehood@^7.0.2":
  version "7.0.2"
  resolved "https://registry.yarnpkg.com/@hapi/statehood/-/statehood-7.0.2.tgz#e797c7e6d8cdcdf6900e9ea69612181fe5553db6"
  integrity sha512-+0VNxysQu+UYzkfvAXq3X4aN65TnUwiR7gsq2cQ/4Rq26nCJjHAfrkYReEeshU2hPmJ3m5QuaBzyDqRm8WOpyg==
  dependencies:
    "@hapi/boom" "9.x.x"
    "@hapi/bounce" "2.x.x"
    "@hapi/bourne" "2.x.x"
    "@hapi/cryptiles" "5.x.x"
    "@hapi/hoek" "9.x.x"
    "@hapi/iron" "6.x.x"
    "@hapi/joi" "17.x.x"

"@hapi/subtext@^7.0.3":
  version "7.0.3"
  resolved "https://registry.yarnpkg.com/@hapi/subtext/-/subtext-7.0.3.tgz#f7440fc7c966858e1f39681e99eb6171c71e7abd"
  integrity sha512-CekDizZkDGERJ01C0+TzHlKtqdXZxzSWTOaH6THBrbOHnsr3GY+yiMZC+AfNCypfE17RaIakGIAbpL2Tk1z2+A==
  dependencies:
    "@hapi/boom" "9.x.x"
    "@hapi/bourne" "2.x.x"
    "@hapi/content" "^5.0.2"
    "@hapi/file" "2.x.x"
    "@hapi/hoek" "9.x.x"
    "@hapi/pez" "^5.0.1"
    "@hapi/wreck" "17.x.x"

"@hapi/teamwork@4.x.x":
  version "4.0.0"
  resolved "https://registry.yarnpkg.com/@hapi/teamwork/-/teamwork-4.0.0.tgz#4aadbb88de13bce39ab8431565cd50c7ecc6327f"
  integrity sha512-V6xYOrr5aFv/IJqNPneaYCu8vuGTKisamqHVRS3JJnbZr18TrpXdsJOYk9pjPhFti+M2YETPebQLUr820N5NoQ==

"@hapi/topo@5.x.x", "@hapi/topo@^5.0.0":
  version "5.0.0"
  resolved "https://registry.yarnpkg.com/@hapi/topo/-/topo-5.0.0.tgz#c19af8577fa393a06e9c77b60995af959be721e7"
  integrity sha512-tFJlT47db0kMqVm3H4nQYgn6Pwg10GTZHb1pwmSiv1K4ks6drQOtfEF5ZnPjkvC+y4/bUPHK+bc87QvLcL+WMw==
  dependencies:
    "@hapi/hoek" "^9.0.0"

"@hapi/vise@4.x.x":
  version "4.0.0"
  resolved "https://registry.yarnpkg.com/@hapi/vise/-/vise-4.0.0.tgz#c6a94fe121b94a53bf99e7489f7fcc74c104db02"
  integrity sha512-eYyLkuUiFZTer59h+SGy7hUm+qE9p+UemePTHLlIWppEd+wExn3Df5jO04bFQTm7nleF5V8CtuYQYb+VFpZ6Sg==
  dependencies:
    "@hapi/hoek" "9.x.x"

"@hapi/wreck@17.x.x":
  version "17.0.0"
  resolved "https://registry.yarnpkg.com/@hapi/wreck/-/wreck-17.0.0.tgz#8ab0ca286e937c3f7a82f67e4be4348c824b743c"
  integrity sha512-d8lqCinbKyDByn7GzJDRDbitddhIEydNm44UcAMejfhEH3o4IYvKYq6K8cAqXbilXPuvZc0ErlUOg9SDdgRtMw==
  dependencies:
    "@hapi/boom" "9.x.x"
    "@hapi/bourne" "2.x.x"
    "@hapi/hoek" "9.x.x"

"@types/node@^12.12.34":
  version "12.12.34"
  resolved "https://registry.yarnpkg.com/@types/node/-/node-12.12.34.tgz#0a5d6ae5d22612f0cf5f10320e1fc5d2a745dcb8"
  integrity sha512-BneGN0J9ke24lBRn44hVHNeDlrXRYF+VRp0HbSUNnEZahXGAysHZIqnf/hER6aabdBgzM4YOV4jrR8gj4Zfi0g==

balanced-match@^1.0.0:
  version "1.0.0"
  resolved "https://registry.yarnpkg.com/balanced-match/-/balanced-match-1.0.0.tgz#89b4d199ab2bee49de164ea02b89ce462d71b767"
  integrity sha1-ibTRmasr7kneFk6gK4nORi1xt2c=

brace-expansion@^1.1.7:
  version "1.1.11"
  resolved "https://registry.yarnpkg.com/brace-expansion/-/brace-expansion-1.1.11.tgz#3c7fcbf529d87226f3d2f52b966ff5271eb441dd"
  integrity sha512-iCuPHDFgrHX7H2vEI/5xpz07zSHB00TpugqhmYtVmMO6518mCuRMoOYFldEBl0g187ufozdaHgWKcYFb61qGiA==
  dependencies:
    balanced-match "^1.0.0"
    concat-map "0.0.1"

concat-map@0.0.1:
  version "0.0.1"
  resolved "https://registry.yarnpkg.com/concat-map/-/concat-map-0.0.1.tgz#d8a96bd77fd68df7793a73036a3ba0d5405d477b"
  integrity sha1-2Klr13/Wjfd5OnMDajug1UBdR3s=

fs.realpath@^1.0.0:
  version "1.0.0"
  resolved "https://registry.yarnpkg.com/fs.realpath/-/fs.realpath-1.0.0.tgz#1504ad2523158caa40db4a2787cb01411994ea4f"
  integrity sha1-FQStJSMVjKpA20onh8sBQRmU6k8=

glob@^7.1.3:
  version "7.1.6"
  resolved "https://registry.yarnpkg.com/glob/-/glob-7.1.6.tgz#141f33b81a7c2492e125594307480c46679278a6"
  integrity sha512-LwaxwyZ72Lk7vZINtNNrywX0ZuLyStrdDtabefZKAY5ZGJhVtgdznluResxNmPitE0SAO+O26sWTHeKSI2wMBA==
  dependencies:
    fs.realpath "^1.0.0"
    inflight "^1.0.4"
    inherits "2"
    minimatch "^3.0.4"
    once "^1.3.0"
    path-is-absolute "^1.0.0"

graphql-playground-html@1.6.13:
  version "1.6.13"
  resolved "https://registry.yarnpkg.com/graphql-playground-html/-/graphql-playground-html-1.6.13.tgz#16d61416161d96f2725bc37b0b64d135a189f252"
  integrity sha512-5DNtVeaWrfxrobA2Vp3ypWjAQYGPIXyZ3rdQXy4m4nDJnc4UALPSZRh9y+U4kp8GaoPp1aCgIJerDSRBOT9HnA==

inflight@^1.0.4:
  version "1.0.6"
  resolved "https://registry.yarnpkg.com/inflight/-/inflight-1.0.6.tgz#49bd6331d7d02d0c09bc910a1075ba8165b56df9"
  integrity sha1-Sb1jMdfQLQwJvJEKEHW6gWW1bfk=
  dependencies:
    once "^1.3.0"
    wrappy "1"

inherits@2:
  version "2.0.4"
  resolved "https://registry.yarnpkg.com/inherits/-/inherits-2.0.4.tgz#0fa2c64f932917c3433a0ded55363aae37416b7c"
  integrity sha512-k/vGaX4/Yla3WzyMCvTQOXYeIHvqOKtnqBduzTHpzpQZzAskKMhZ2K+EnBiSM9zGSoIFeMpXKxa4dYeZIQqewQ==

mime-db@1.x.x:
  version "1.43.0"
  resolved "https://registry.yarnpkg.com/mime-db/-/mime-db-1.43.0.tgz#0a12e0502650e473d735535050e7c8f4eb4fae58"
  integrity sha512-+5dsGEEovYbT8UY9yD7eE4XTc4UwJ1jBYlgaQQF38ENsKR3wj/8q8RFZrF9WIZpB2V1ArTVFUva8sAul1NzRzQ==

minimatch@^3.0.4:
  version "3.0.4"
  resolved "https://registry.yarnpkg.com/minimatch/-/minimatch-3.0.4.tgz#5166e286457f03306064be5497e8dbb0c3d32083"
  integrity sha512-yJHVQEhyqPLUTgt9B83PXu6W3rx4MvvHvSUvToogpwoGDOUQ+yDrR0HRot+yOCdCO7u4hX3pWft6kWBBcqh0UA==
  dependencies:
    brace-expansion "^1.1.7"

once@^1.3.0:
  version "1.4.0"
  resolved "https://registry.yarnpkg.com/once/-/once-1.4.0.tgz#583b1aa775961d4b113ac17d9c50baef9dd76bd1"
  integrity sha1-WDsap3WWHUsROsF9nFC6753Xa9E=
  dependencies:
    wrappy "1"

path-is-absolute@^1.0.0:
  version "1.0.1"
  resolved "https://registry.yarnpkg.com/path-is-absolute/-/path-is-absolute-1.0.1.tgz#174b9268735534ffbc7ace6bf53a5a9e1b5c5f5f"
  integrity sha1-F0uSaHNVNP+8es5r9TpanhtcX18=

rimraf@^3.0.2:
  version "3.0.2"
  resolved "https://registry.yarnpkg.com/rimraf/-/rimraf-3.0.2.tgz#f1a5402ba6220ad52cc1282bac1ae3aa49fd061a"
  integrity sha512-JZkJMZkAGFFPP2YqXZXPbMlMBgsxzE8ILs4lMIX/2o0L9UBw9O/Y3o6wFw/i9YLapcUJWwqbi3kdxIPdC62TIA==
  dependencies:
    glob "^7.1.3"

typescript@^3.8.3:
  version "3.8.3"
  resolved "https://registry.yarnpkg.com/typescript/-/typescript-3.8.3.tgz#409eb8544ea0335711205869ec458ab109ee1061"
  integrity sha512-MYlEfn5VrLNsgudQTVJeNaQFUAI7DkhnOjdpAp4T+ku1TfQClewlbSuTVHiA+8skNBgaf02TL/kLOvig4y3G8w==

wrappy@1:
  version "1.0.2"
  resolved "https://registry.yarnpkg.com/wrappy/-/wrappy-1.0.2.tgz#b5243d8f3ec1aa35f1364605bc0d1036e30ab69f"
  integrity sha1-tSQ9jz7BqjXxNkYFvA0QNuMKtp8=
