# THIS IS AN AUTOGENERATED FILE. DO NOT EDIT THIS FILE DIRECTLY.
# yarn lockfile v1


"@types/node@9.4.0":
  version "9.4.0"
  resolved "https://registry.yarnpkg.com/@types/node/-/node-9.4.0.tgz#b85a0bcf1e1cc84eb4901b7e96966aedc6f078d1"

accept@3.x.x:
  version "3.1.3"
  resolved "https://registry.yarnpkg.com/accept/-/accept-3.1.3.tgz#29c3e2b3a8f4eedbc2b690e472b9ebbdc7385e87"
  integrity sha512-OgOEAidVEOKPup+Gv2+2wdH2AgVKI9LxsJ4hicdJ6cY0faUuZdZoi56kkXWlHp9qicN1nWQLmW5ZRGk+SBS5xg==
  dependencies:
    boom "7.x.x"
    hoek "6.x.x"

ammo@3.x.x:
  version "3.0.3"
  resolved "https://registry.yarnpkg.com/ammo/-/ammo-3.0.3.tgz#502aafa9d8bfca264143e226e5f322716e746b0c"
  integrity sha512-vo76VJ44MkUBZL/BzpGXaKzMfroF4ZR6+haRuw9p+eSWfoNaH2AxVc8xmiEPC08jhzJSeM6w7/iMUGet8b4oBQ==
  dependencies:
    hoek "6.x.x"

b64@4.x.x:
  version "4.1.2"
  resolved "https://registry.yarnpkg.com/b64/-/b64-4.1.2.tgz#7015372ba8101f7fb18da070717a93c28c8580d8"
  integrity sha512-+GUspBxlH3CJaxMUGUE1EBoWM6RKgWiYwUDal0qdf8m3ArnXNN1KzKVo5HOnE/FSq4HHyWf3TlHLsZI8PKQgrQ==
  dependencies:
    hoek "6.x.x"

balanced-match@^1.0.0:
  version "1.0.0"
  resolved "https://registry.yarnpkg.com/balanced-match/-/balanced-match-1.0.0.tgz#89b4d199ab2bee49de164ea02b89ce462d71b767"

boom@7.x.x:
  version "7.3.0"
  resolved "https://registry.yarnpkg.com/boom/-/boom-7.3.0.tgz#733a6d956d33b0b1999da3fe6c12996950d017b9"
  integrity sha512-Swpoyi2t5+GhOEGw8rEsKvTxFLIDiiKoUc2gsoV6Lyr43LHBIzch3k2MvYUs8RTROrIkVJ3Al0TkaOGjnb+B6A==
  dependencies:
    hoek "6.x.x"

bounce@1.x.x:
  version "1.2.3"
  resolved "https://registry.yarnpkg.com/bounce/-/bounce-1.2.3.tgz#2b286d36eb21d5f08fe672dd8cd37a109baad121"
  integrity sha512-3G7B8CyBnip5EahCZJjnvQ1HLyArC6P5e+xcolo13BVI9ogFaDOsNMAE7FIWliHtIkYI8/nTRCvCY9tZa3Mu4g==
  dependencies:
    boom "7.x.x"
    hoek "6.x.x"

brace-expansion@^1.1.7:
  version "1.1.8"
  resolved "https://registry.yarnpkg.com/brace-expansion/-/brace-expansion-1.1.8.tgz#c07b211c7c952ec1f8efd51a77ef0d1d3990a292"
  dependencies:
    balanced-match "^1.0.0"
    concat-map "0.0.1"

call@5.x.x:
  version "5.0.3"
  resolved "https://registry.yarnpkg.com/call/-/call-5.0.3.tgz#5dc82c698141c2d45c51a9c3c7e0697f43ac46a2"
  integrity sha512-eX16KHiAYXugbFu6VifstSdwH6aMuWWb4s0qvpq1nR1b+Sf+u68jjttg8ixDBEldPqBi30bDU35OJQWKeTLKxg==
  dependencies:
    boom "7.x.x"
    hoek "6.x.x"

catbox-memory@4.x.x:
  version "4.0.1"
  resolved "https://registry.yarnpkg.com/catbox-memory/-/catbox-memory-4.0.1.tgz#3371ae0dd91bbf5d9dd88dcab5332470354cbd1f"
  integrity sha512-ZmqNiLsYCIu9qvBJ/MQbznDV2bFH5gFiH67TgIJgSSffJFtTXArT+MM3AvJQlby9NSkLHOX4eH/uuUqnch/Ldw==
  dependencies:
    boom "7.x.x"
    hoek "6.x.x"

catbox@10.x.x:
  version "10.0.6"
  resolved "https://registry.yarnpkg.com/catbox/-/catbox-10.0.6.tgz#d8d8dc3c36c965560539f94245904b229a8af428"
  integrity sha512-gQWCnF/jbHcfwGbQ4FQxyRiAwLRipqWTTXjpq7rTqqdcsnZosFa0L3LsCZcPTF33QIeMMkS7QmFBHt6QdzGPvg==
  dependencies:
    boom "7.x.x"
    hoek "6.x.x"
    joi "14.x.x"

concat-map@0.0.1:
  version "0.0.1"
  resolved "https://registry.yarnpkg.com/concat-map/-/concat-map-0.0.1.tgz#d8a96bd77fd68df7793a73036a3ba0d5405d477b"

content@4.x.x:
  version "4.0.6"
  resolved "https://registry.yarnpkg.com/content/-/content-4.0.6.tgz#76ffd96c5cbccf64fe3923cbb9c48b8bc04b273e"
  integrity sha512-lR9ND3dXiMdmsE84K6l02rMdgiBVmtYWu1Vr/gfSGHcIcznBj2QxmSdUgDuNFOA+G9yrb1IIWkZ7aKtB6hDGyA==
  dependencies:
    boom "7.x.x"

cryptiles@4.x.x:
  version "4.1.3"
  resolved "https://registry.yarnpkg.com/cryptiles/-/cryptiles-4.1.3.tgz#2461d3390ea0b82c643a6ba79f0ed491b0934c25"
  integrity sha512-gT9nyTMSUC1JnziQpPbxKGBbUg8VL7Zn2NB4E1cJYvuXdElHrwxrV9bmltZGDzet45zSDGyYceueke1TjynGzw==
  dependencies:
    boom "7.x.x"

fs.realpath@^1.0.0:
  version "1.0.0"
  resolved "https://registry.yarnpkg.com/fs.realpath/-/fs.realpath-1.0.0.tgz#1504ad2523158caa40db4a2787cb01411994ea4f"

glob@^7.0.5:
  version "7.1.2"
  resolved "https://registry.yarnpkg.com/glob/-/glob-7.1.2.tgz#c19c9df9a028702d678612384a6552404c636d15"
  dependencies:
    fs.realpath "^1.0.0"
    inflight "^1.0.4"
    inherits "2"
    minimatch "^3.0.4"
    once "^1.3.0"
    path-is-absolute "^1.0.0"

graphql-playground-html@1.6.13:
  version "1.6.13"
  resolved "https://registry.yarnpkg.com/graphql-playground-html/-/graphql-playground-html-1.6.13.tgz#16d61416161d96f2725bc37b0b64d135a189f252"
  integrity sha512-5DNtVeaWrfxrobA2Vp3ypWjAQYGPIXyZ3rdQXy4m4nDJnc4UALPSZRh9y+U4kp8GaoPp1aCgIJerDSRBOT9HnA==

hapi@^18.0.0:
  version "18.0.0"
  resolved "https://registry.yarnpkg.com/hapi/-/hapi-18.0.0.tgz#97dcc248432baa3d32eb9d9542dec028d8271e1a"
  integrity sha512-Yv68jeoHww6W88gQsvBfZil139Ho/CTMH75+GADuREIET/4bo60yhp+MoVc3lHjMR5hIEYl7HC6wxGzbmGBLQg==
  dependencies:
    accept "3.x.x"
    ammo "3.x.x"
    boom "7.x.x"
    bounce "1.x.x"
    call "5.x.x"
    catbox "10.x.x"
    catbox-memory "4.x.x"
    heavy "6.x.x"
    hoek "6.x.x"
    joi "14.x.x"
    mimos "4.x.x"
    podium "3.x.x"
    shot "4.x.x"
    somever "2.x.x"
    statehood "6.x.x"
    subtext "6.x.x"
    teamwork "3.x.x"
    topo "3.x.x"

heavy@6.x.x:
  version "6.1.2"
  resolved "https://registry.yarnpkg.com/heavy/-/heavy-6.1.2.tgz#e5d56f18170a37b01d4381bc07fece5edc68520b"
  integrity sha512-cJp884bqhiebNcEHydW0g6V1MUGYOXRPw9c7MFiHQnuGxtbWuSZpsbojwb2kxb3AA1/Rfs8CNiV9MMOF8pFRDg==
  dependencies:
    boom "7.x.x"
    hoek "6.x.x"
    joi "14.x.x"

hoek@6.x.x:
  version "6.1.2"
  resolved "https://registry.yarnpkg.com/hoek/-/hoek-6.1.2.tgz#99e6d070561839de74ee427b61aa476bd6bddfd6"
  integrity sha512-6qhh/wahGYZHFSFw12tBbJw5fsAhhwrrG/y3Cs0YMTv2WzMnL0oLPnQJjv1QJvEfylRSOFuP+xCu+tdx0tD16Q==

inflight@^1.0.4:
  version "1.0.6"
  resolved "https://registry.yarnpkg.com/inflight/-/inflight-1.0.6.tgz#49bd6331d7d02d0c09bc910a1075ba8165b56df9"
  dependencies:
    once "^1.3.0"
    wrappy "1"

inherits@2:
  version "2.0.3"
  resolved "https://registry.yarnpkg.com/inherits/-/inherits-2.0.3.tgz#633c2c83e3da42a502f52466022480f4208261de"

iron@5.x.x:
  version "5.0.6"
  resolved "https://registry.yarnpkg.com/iron/-/iron-5.0.6.tgz#7121d4a6e3ac2f65e4d02971646fea1995434744"
  integrity sha512-zYUMOSkEXGBdwlV/AXF9zJC0aLuTJUKHkGeYS5I2g225M5i6SrxQyGJGhPgOR8BK1omL6N5i6TcwfsXbP8/Exw==
  dependencies:
    b64 "4.x.x"
    boom "7.x.x"
    cryptiles "4.x.x"
    hoek "6.x.x"

isemail@3.x.x:
  version "3.2.0"
  resolved "https://registry.yarnpkg.com/isemail/-/isemail-3.2.0.tgz#59310a021931a9fb06bbb51e155ce0b3f236832c"
  integrity sha512-zKqkK+O+dGqevc93KNsbZ/TqTUFd46MwWjYOoMrjIMZ51eU7DtQG3Wmd9SQQT7i7RVnuTPEiYEWHU3MSbxC1Tg==
  dependencies:
    punycode "2.x.x"

joi@14.x.x:
  version "14.3.1"
  resolved "https://registry.yarnpkg.com/joi/-/joi-14.3.1.tgz#164a262ec0b855466e0c35eea2a885ae8b6c703c"
  integrity sha512-LQDdM+pkOrpAn4Lp+neNIFV3axv1Vna3j38bisbQhETPMANYRbFJFUyOZcOClYvM/hppMhGWuKSFEK9vjrB+bQ==
  dependencies:
    hoek "6.x.x"
    isemail "3.x.x"
    topo "3.x.x"

mime-db@1.x.x:
  version "1.37.0"
  resolved "https://registry.yarnpkg.com/mime-db/-/mime-db-1.37.0.tgz#0b6a0ce6fdbe9576e25f1f2d2fde8830dc0ad0d8"
  integrity sha512-R3C4db6bgQhlIhPU48fUtdVmKnflq+hRdad7IyKhtFj06VPNVdk2RhiYL3UjQIlso8L+YxAtFkobT0VK+S/ybg==

mimos@4.x.x:
  version "4.0.2"
  resolved "https://registry.yarnpkg.com/mimos/-/mimos-4.0.2.tgz#f2762d7c60118ce51c2231afa090bc335d21d0f8"
  integrity sha512-5XBsDqBqzSN88XPPH/TFpOalWOjHJM5Z2d3AMx/30iq+qXvYKd/8MPhqBwZDOLtoaIWInR3nLzMQcxfGK9djXA==
  dependencies:
    hoek "6.x.x"
    mime-db "1.x.x"

minimatch@^3.0.4:
  version "3.0.4"
  resolved "https://registry.yarnpkg.com/minimatch/-/minimatch-3.0.4.tgz#5166e286457f03306064be5497e8dbb0c3d32083"
  dependencies:
    brace-expansion "^1.1.7"

nigel@3.x.x:
  version "3.0.4"
  resolved "https://registry.yarnpkg.com/nigel/-/nigel-3.0.4.tgz#edcd82f2e9387fe34ba21e3127ae4891547c7945"
  integrity sha512-3SZCCS/duVDGxFpTROHEieC+itDo4UqL9JNUyQJv3rljudQbK6aqus5B4470OxhESPJLN93Qqxg16rH7DUjbfQ==
  dependencies:
    hoek "6.x.x"
    vise "3.x.x"

once@^1.3.0:
  version "1.4.0"
  resolved "https://registry.yarnpkg.com/once/-/once-1.4.0.tgz#583b1aa775961d4b113ac17d9c50baef9dd76bd1"
  dependencies:
    wrappy "1"

path-is-absolute@^1.0.0:
  version "1.0.1"
  resolved "https://registry.yarnpkg.com/path-is-absolute/-/path-is-absolute-1.0.1.tgz#174b9268735534ffbc7ace6bf53a5a9e1b5c5f5f"

pez@4.x.x:
  version "4.0.5"
  resolved "https://registry.yarnpkg.com/pez/-/pez-4.0.5.tgz#a975c49deff330d298d82851b39f81c2710556df"
  integrity sha512-HvL8uiFIlkXbx/qw4B8jKDCWzo7Pnnd65Uvanf9OOCtb20MRcb9gtTVBf9NCnhETif1/nzbDHIjAWC/sUp7LIQ==
  dependencies:
    b64 "4.x.x"
    boom "7.x.x"
    content "4.x.x"
    hoek "6.x.x"
    nigel "3.x.x"

podium@3.x.x:
  version "3.2.0"
  resolved "https://registry.yarnpkg.com/podium/-/podium-3.2.0.tgz#2a7c579ddd5408f412d014c9ffac080c41d83477"
  integrity sha512-rbwvxwVkI6gRRlxZQ1zUeafrpGxZ7QPHIheinehAvGATvGIPfWRkaTeWedc5P4YjXJXEV8ZbBxPtglNylF9hjw==
  dependencies:
    hoek "6.x.x"
    joi "14.x.x"

punycode@2.x.x:
  version "2.1.1"
  resolved "https://registry.yarnpkg.com/punycode/-/punycode-2.1.1.tgz#b58b010ac40c22c5657616c8d2c2c02c7bf479ec"
  integrity sha512-XRsRjdf+j5ml+y/6GKHPZbrF/8p2Yga0JPtdqTIY2Xe5ohJPD9saDJJLPvp9+NSBprVvevdXZybnj2cv8OEd0A==

rimraf@2.6.2:
  version "2.6.2"
  resolved "https://registry.yarnpkg.com/rimraf/-/rimraf-2.6.2.tgz#2ed8150d24a16ea8651e6d6ef0f47c4158ce7a36"
  dependencies:
    glob "^7.0.5"

shot@4.x.x:
  version "4.0.7"
  resolved "https://registry.yarnpkg.com/shot/-/shot-4.0.7.tgz#b05d2858634fedc18ece99e8f638fab7c9f9d4c4"
  integrity sha512-RKaKAGKxJ11EjJl0cf2fYVSsd4KB5Cncb9J0v7w+0iIaXpxNqFWTYNDNhBX7f0XSyDrjOH9a4OWZ9Gp/ZML+ew==
  dependencies:
    hoek "6.x.x"
    joi "14.x.x"

somever@2.x.x:
  version "2.0.0"
  resolved "https://registry.yarnpkg.com/somever/-/somever-2.0.0.tgz#7bdbed3bee8ece2c7c8a2e7d9a1c022bd98d6c89"
  integrity sha512-9JaIPP+HxwYGqCDqqK3tRaTqdtQHoK6Qy3IrXhIt2q5x8fs8RcfU7BMWlFTCOgFazK8p88zIv1tHQXvAwtXMyw==
  dependencies:
    bounce "1.x.x"
    hoek "6.x.x"

statehood@6.x.x:
  version "6.0.8"
  resolved "https://registry.yarnpkg.com/statehood/-/statehood-6.0.8.tgz#c8c3363694b207ab692d17ab5b48eebf47e13e10"
  integrity sha512-/uk2Iq5VXCAGmYnRTjez6gDfU8fROm1Um5WH2C9aNCdG7DAqD94dqZgeuqXrvVFnfDqxAtorUBLUtD9El/uJ6w==
  dependencies:
    boom "7.x.x"
    bounce "1.x.x"
    cryptiles "4.x.x"
    hoek "6.x.x"
    iron "5.x.x"
    joi "14.x.x"

subtext@6.x.x:
  version "6.0.11"
  resolved "https://registry.yarnpkg.com/subtext/-/subtext-6.0.11.tgz#430de749b06fc5005d208ffd2668b5c7a1ca27ac"
  integrity sha512-jap1ev33dbVTBPxpIyJ5OvD9/J4oWlx1qHQ8bBnKpiwItxXt3+7tvmNZqZeTEQVTjvkReHY1ZnP/7iltNdGnOA==
  dependencies:
    boom "7.x.x"
    content "4.x.x"
    hoek "6.x.x"
    pez "4.x.x"
    wreck "14.x.x"

teamwork@3.x.x:
  version "3.0.3"
  resolved "https://registry.yarnpkg.com/teamwork/-/teamwork-3.0.3.tgz#0c08748efe00c32c1eaf1128ef7f07ba0c7cc4ea"
  integrity sha512-OCB56z+G70iA1A1OFoT+51TPzfcgN0ks75uN3yhxA+EU66WTz2BevNDK4YzMqfaL5tuAvxy4iFUn35/u8pxMaQ==

topo@3.x.x:
  version "3.0.3"
  resolved "https://registry.yarnpkg.com/topo/-/topo-3.0.3.tgz#d5a67fb2e69307ebeeb08402ec2a2a6f5f7ad95c"
  integrity sha512-IgpPtvD4kjrJ7CRA3ov2FhWQADwv+Tdqbsf1ZnPUSAtCJ9e1Z44MmoSGDXGk4IppoZA7jd/QRkNddlLJWlUZsQ==
  dependencies:
    hoek "6.x.x"

typescript@2.6.2:
  version "2.6.2"
  resolved "https://registry.yarnpkg.com/typescript/-/typescript-2.6.2.tgz#3c5b6fd7f6de0914269027f03c0946758f7673a4"

vise@3.x.x:
  version "3.0.2"
  resolved "https://registry.yarnpkg.com/vise/-/vise-3.0.2.tgz#9a8b7450f783aa776faa327fe47d7bfddb227266"
  integrity sha512-X52VtdRQbSBXdjcazRiY3eRgV3vTQ0B+7Wh8uC9cVv7lKfML5m9+9NHlbcgCY0R9EAqD1v/v7o9mhGh2A3ANFg==
  dependencies:
    hoek "6.x.x"

wrappy@1:
  version "1.0.2"
  resolved "https://registry.yarnpkg.com/wrappy/-/wrappy-1.0.2.tgz#b5243d8f3ec1aa35f1364605bc0d1036e30ab69f"

wreck@14.x.x:
  version "14.1.3"
  resolved "https://registry.yarnpkg.com/wreck/-/wreck-14.1.3.tgz#d4db8258b38a568c363ef7d23034c4db598a9213"
  integrity sha512-hb/BUtjX3ObbwO3slCOLCenQ4EP8e+n8j6FmTne3VhEFp5XV1faSJojiyxVSvw34vgdeTG5baLTl4NmjwokLlw==
  dependencies:
    boom "7.x.x"
    hoek "6.x.x"
